
Microsoft Visual Studio Solution File, Format Version 12.00
# Visual Studio Version 17
VisualStudioVersion = 17.7.34031.279
MinimumVisualStudioVersion = 10.0.40219.1
Project("{FAE04EC0-301F-11D3-BF4B-00C04F79EFBC}") = "TurnUpPortalAutomation", "TurnUpPortalAutomation\TurnUpPortalAutomation.csproj", "{02E97AE2-3FDD-4F68-A6DE-FEF7D2D38732}"
EndProject
Global
	GlobalSection(SolutionConfigurationPlatforms) = preSolution
		Debug|Any CPU = Debug|Any CPU
		Release|Any CPU = Release|Any CPU
	EndGlobalSection
	GlobalSection(ProjectConfigurationPlatforms) = postSolution
		{02E97AE2-3FDD-4F68-A6DE-FEF7D2D38732}.Debug|Any CPU.ActiveCfg = Debug|Any CPU
		{02E97AE2-3FDD-4F68-A6DE-FEF7D2D38732}.Debug|Any CPU.Build.0 = Debug|Any CPU
		{02E97AE2-3FDD-4F68-A6DE-FEF7D2D38732}.Release|Any CPU.ActiveCfg = Release|Any CPU
		{02E97AE2-3FDD-4F68-A6DE-FEF7D2D38732}.Release|Any CPU.Build.0 = Release|Any CPU
	EndGlobalSection
	GlobalSection(SolutionProperties) = preSolution
		HideSolutionNode = FALSE
	EndGlobalSection
	GlobalSection(ExtensibilityGlobals) = postSolution
		SolutionGuid = {123A44C1-934A-403D-9004-DAADD2A2AD35}
	EndGlobalSection
EndGlobal
